
Microsoft Visual Studio Solution File, Format Version 12.00
# Visual Studio Version 17
VisualStudioVersion = 17.14.36623.8 d17.14
MinimumVisualStudioVersion = 10.0.40219.1
Project("{FAE04EC0-301F-11D3-BF4B-00C04F79EFBC}") = "Pizza", "Pizza.csproj", "{55A2806A-5084-440B-87BE-BFDB9BBDAB12}"
EndProject
Global
	GlobalSection(SolutionConfigurationPlatforms) = preSolution
		Debug|Any CPU = Debug|Any CPU
		Release|Any CPU = Release|Any CPU
	EndGlobalSection
	GlobalSection(ProjectConfigurationPlatforms) = postSolution
		{55A2806A-5084-440B-87BE-BFDB9BBDAB12}.Debug|Any CPU.ActiveCfg = Debug|Any CPU
		{55A2806A-5084-440B-87BE-BFDB9BBDAB12}.Debug|Any CPU.Build.0 = Debug|Any CPU
		{55A2806A-5084-440B-87BE-BFDB9BBDAB12}.Release|Any CPU.ActiveCfg = Release|Any CPU
		{55A2806A-5084-440B-87BE-BFDB9BBDAB12}.Release|Any CPU.Build.0 = Release|Any CPU
	EndGlobalSection
	GlobalSection(SolutionProperties) = preSolution
		HideSolutionNode = FALSE
	EndGlobalSection
	GlobalSection(ExtensibilityGlobals) = postSolution
		SolutionGuid = {2477597D-362D-44C2-A321-094211CE3F1E}
	EndGlobalSection
EndGlobal
